// !$*UTF8*$!
{
	archiveVersion = 1;
	classes = {
	};
	objectVersion = 56;
	objects = {

/* Begin PBXBuildFile section */
		B156C72529FAED45007151AB /* AppDelegate.swift in Sources */ = {isa = PBXBuildFile; fileRef = B156C72429FAED45007151AB /* AppDelegate.swift */; };
		B156C72729FAED45007151AB /* SceneDelegate.swift in Sources */ = {isa = PBXBuildFile; fileRef = B156C72629FAED45007151AB /* SceneDelegate.swift */; };
		B156C72929FAED45007151AB /* ViewController.swift in Sources */ = {isa = PBXBuildFile; fileRef = B156C72829FAED45007151AB /* ViewController.swift */; };
		B156C72C29FAED45007151AB /* Main.storyboard in Resources */ = {isa = PBXBuildFile; fileRef = B156C72A29FAED45007151AB /* Main.storyboard */; };
		B156C72E29FAED46007151AB /* Assets.xcassets in Resources */ = {isa = PBXBuildFile; fileRef = B156C72D29FAED46007151AB /* Assets.xcassets */; };
		B156C73129FAED46007151AB /* LaunchScreen.storyboard in Resources */ = {isa = PBXBuildFile; fileRef = B156C72F29FAED46007151AB /* LaunchScreen.storyboard */; };
		B156C73F29FAEE6E007151AB /* BoardViewController.swift in Sources */ = {isa = PBXBuildFile; fileRef = B156C73E29FAEE6E007151AB /* BoardViewController.swift */; };
		B156C74129FAEE95007151AB /* KeyboardViewController.swift in Sources */ = {isa = PBXBuildFile; fileRef = B156C74029FAEE95007151AB /* KeyboardViewController.swift */; };
		B156C7A129FB6CCB007151AB /* Keycell.swift in Sources */ = {isa = PBXBuildFile; fileRef = B156C7A029FB6CCB007151AB /* Keycell.swift */; };
/* End PBXBuildFile section */

/* Begin PBXFileReference section */
		B156C72129FAED45007151AB /* WordFind(FinalProject).app */ = {isa = PBXFileReference; explicitFileType = wrapper.application; includeInIndex = 0; path = "WordFind(FinalProject).app"; sourceTree = BUILT_PRODUCTS_DIR; };
		B156C72429FAED45007151AB /* AppDelegate.swift */ = {isa = PBXFileReference; lastKnownFileType = sourcecode.swift; path = AppDelegate.swift; sourceTree = "<group>"; };
		B156C72629FAED45007151AB /* SceneDelegate.swift */ = {isa = PBXFileReference; lastKnownFileType = sourcecode.swift; path = SceneDelegate.swift; sourceTree = "<group>"; };
		B156C72829FAED45007151AB /* ViewController.swift */ = {isa = PBXFileReference; lastKnownFileType = sourcecode.swift; path = ViewController.swift; sourceTree = "<group>"; };
		B156C72B29FAED45007151AB /* Base */ = {isa = PBXFileReference; lastKnownFileType = file.storyboard; name = Base; path = Base.lproj/Main.storyboard; sourceTree = "<group>"; };
		B156C72D29FAED46007151AB /* Assets.xcassets */ = {isa = PBXFileReference; lastKnownFileType = folder.assetcatalog; path = Assets.xcassets; sourceTree = "<group>"; };
		B156C73029FAED46007151AB /* Base */ = {isa = PBXFileReference; lastKnownFileType = file.storyboard; name = Base; path = Base.lproj/LaunchScreen.storyboard; sourceTree = "<group>"; };
		B156C73229FAED46007151AB /* Info.plist */ = {isa = PBXFileReference; lastKnownFileType = text.plist.xml; path = Info.plist; sourceTree = "<group>"; };
		B156C73E29FAEE6E007151AB /* BoardViewController.swift */ = {isa = PBXFileReference; lastKnownFileType = sourcecode.swift; path = BoardViewController.swift; sourceTree = "<group>"; };
		B156C74029FAEE95007151AB /* KeyboardViewController.swift */ = {isa = PBXFileReference; lastKnownFileType = sourcecode.swift; path = KeyboardViewController.swift; sourceTree = "<group>"; };
		B156C7A029FB6CCB007151AB /* Keycell.swift */ = {isa = PBXFileReference; lastKnownFileType = sourcecode.swift; path = Keycell.swift; sourceTree = "<group>"; };
/* End PBXFileReference section */

/* Begin PBXFrameworksBuildPhase section */
		B156C71E29FAED45007151AB /* Frameworks */ = {
			isa = PBXFrameworksBuildPhase;
			buildActionMask = 2147483647;
			files = (
			);
			runOnlyForDeploymentPostprocessing = 0;
		};
/* End PBXFrameworksBuildPhase section */

/* Begin PBXGroup section */
		B156C71829FAED45007151AB = {
			isa = PBXGroup;
			children = (
				B156C72329FAED45007151AB /* Worlde */,
				B156C72229FAED45007151AB /* Products */,
			);
			sourceTree = "<group>";
		};
		B156C72229FAED45007151AB /* Products */ = {
			isa = PBXGroup;
			children = (
				B156C72129FAED45007151AB /* WordFind(FinalProject).app */,
			);
			name = Products;
			sourceTree = "<group>";
		};
		B156C72329FAED45007151AB /* Worlde */ = {
			isa = PBXGroup;
			children = (
				B156C73B29FAEE02007151AB /* Other */,
				B156C73929FAEDE6007151AB /* Core */,
				B156C72429FAED45007151AB /* AppDelegate.swift */,
				B156C72629FAED45007151AB /* SceneDelegate.swift */,
				B156C72829FAED45007151AB /* ViewController.swift */,
				B156C72A29FAED45007151AB /* Main.storyboard */,
				B156C72D29FAED46007151AB /* Assets.xcassets */,
				B156C72F29FAED46007151AB /* LaunchScreen.storyboard */,
				B156C73229FAED46007151AB /* Info.plist */,
			);
			path = Worlde;
			sourceTree = "<group>";
		};
		B156C73929FAEDE6007151AB /* Core */ = {
			isa = PBXGroup;
			children = (
				B156C73E29FAEE6E007151AB /* BoardViewController.swift */,
				B156C74029FAEE95007151AB /* KeyboardViewController.swift */,
				B156C7A029FB6CCB007151AB /* Keycell.swift */,
			);
			path = Core;
			sourceTree = "<group>";
		};
		B156C73B29FAEE02007151AB /* Other */ = {
			isa = PBXGroup;
			children = (
			);
			path = Other;
			sourceTree = "<group>";
		};
/* End PBXGroup section */

/* Begin PBXNativeTarget section */
		B156C72029FAED45007151AB /* WordFind(FinalProject) */ = {
			isa = PBXNativeTarget;
			buildConfigurationList = B156C73529FAED46007151AB /* Build configuration list for PBXNativeTarget "WordFind(FinalProject)" */;
			buildPhases = (
				B156C71D29FAED45007151AB /* Sources */,
				B156C71E29FAED45007151AB /* Frameworks */,
				B156C71F29FAED45007151AB /* Resources */,
			);
			buildRules = (
			);
			dependencies = (
			);
			name = "WordFind(FinalProject)";
			productName = Worlde;
			productReference = B156C72129FAED45007151AB /* WordFind(FinalProject).app */;
			productType = "com.apple.product-type.application";
		};
/* End PBXNativeTarget section */

/* Begin PBXProject section */
		B156C71929FAED45007151AB /* Project object */ = {
			isa = PBXProject;
			attributes = {
				BuildIndependentTargetsInParallel = 1;
				LastSwiftUpdateCheck = 1430;
				LastUpgradeCheck = 1430;
				TargetAttributes = {
					B156C72029FAED45007151AB = {
						CreatedOnToolsVersion = 14.3;
					};
				};
			};
			buildConfigurationList = B156C71C29FAED45007151AB /* Build configuration list for PBXProject "WordFind(FinalProject)" */;
			compatibilityVersion = "Xcode 14.0";
			developmentRegion = en;
			hasScannedForEncodings = 0;
			knownRegions = (
				en,
				Base,
			);
			mainGroup = B156C71829FAED45007151AB;
			productRefGroup = B156C72229FAED45007151AB /* Products */;
			projectDirPath = "";
			projectRoot = "";
			targets = (
				B156C72029FAED45007151AB /* WordFind(FinalProject) */,
			);
		};
/* End PBXProject section */

/* Begin PBXResourcesBuildPhase section */
		B156C71F29FAED45007151AB /* Resources */ = {
			isa = PBXResourcesBuildPhase;
			buildActionMask = 2147483647;
			files = (
				B156C73129FAED46007151AB /* LaunchScreen.storyboard in Resources */,
				B156C72E29FAED46007151AB /* Assets.xcassets in Resources */,
				B156C72C29FAED45007151AB /* Main.storyboard in Resources */,
			);
			runOnlyForDeploymentPostprocessing = 0;
		};
/* End PBXResourcesBuildPhase section */

/* Begin PBXSourcesBuildPhase section */
		B156C71D29FAED45007151AB /* Sources */ = {
			isa = PBXSourcesBuildPhase;
			buildActionMask = 2147483647;
			files = (
				B156C72929FAED45007151AB /* ViewController.swift in Sources */,
				B156C74129FAEE95007151AB /* KeyboardViewController.swift in Sources */,
				B156C72529FAED45007151AB /* AppDelegate.swift in Sources */,
				B156C7A129FB6CCB007151AB /* Keycell.swift in Sources */,
				B156C72729FAED45007151AB /* SceneDelegate.swift in Sources */,
				B156C73F29FAEE6E007151AB /* BoardViewController.swift in Sources */,
			);
			runOnlyForDeploymentPostprocessing = 0;
		};
/* End PBXSourcesBuildPhase section */

/* Begin PBXVariantGroup section */
		B156C72A29FAED45007151AB /* Main.storyboard */ = {
			isa = PBXVariantGroup;
			children = (
				B156C72B29FAED45007151AB /* Base */,
			);
			name = Main.storyboard;
			sourceTree = "<group>";
		};
		B156C72F29FAED46007151AB /* LaunchScreen.storyboard */ = {
			isa = PBXVariantGroup;
			children = (
				B156C73029FAED46007151AB /* Base */,
			);
			name = LaunchScreen.storyboard;
			sourceTree = "<group>";
		};
/* End PBXVariantGroup section */

/* Begin XCBuildConfiguration section */
		B156C73329FAED46007151AB /* Debug */ = {
			isa = XCBuildConfiguration;
			buildSettings = {
				ALWAYS_SEARCH_USER_PATHS = NO;
				CLANG_ANALYZER_NONNULL = YES;
				CLANG_ANALYZER_NUMBER_OBJECT_CONVERSION = YES_AGGRESSIVE;
				CLANG_CXX_LANGUAGE_STANDARD = "gnu++20";
				CLANG_ENABLE_MODULES = YES;
				CLANG_ENABLE_OBJC_ARC = YES;
				CLANG_ENABLE_OBJC_WEAK = YES;
				CLANG_WARN_BLOCK_CAPTURE_AUTORELEASING = YES;
				CLANG_WARN_BOOL_CONVERSION = YES;
				CLANG_WARN_COMMA = YES;
				CLANG_WARN_CONSTANT_CONVERSION = YES;
				CLANG_WARN_DEPRECATED_OBJC_IMPLEMENTATIONS = YES;
				CLANG_WARN_DIRECT_OBJC_ISA_USAGE = YES_ERROR;
				CLANG_WARN_DOCUMENTATION_COMMENTS = YES;
				CLANG_WARN_EMPTY_BODY = YES;
				CLANG_WARN_ENUM_CONVERSION = YES;
				CLANG_WARN_INFINITE_RECURSION = YES;
				CLANG_WARN_INT_CONVERSION = YES;
				CLANG_WARN_NON_LITERAL_NULL_CONVERSION = YES;
				CLANG_WARN_OBJC_IMPLICIT_RETAIN_SELF = YES;
				CLANG_WARN_OBJC_LITERAL_CONVERSION = YES;
				CLANG_WARN_OBJC_ROOT_CLASS = YES_ERROR;
				CLANG_WARN_QUOTED_INCLUDE_IN_FRAMEWORK_HEADER = YES;
				CLANG_WARN_RANGE_LOOP_ANALYSIS = YES;
				CLANG_WARN_STRICT_PROTOTYPES = YES;
				CLANG_WARN_SUSPICIOUS_MOVE = YES;
				CLANG_WARN_UNGUARDED_AVAILABILITY = YES_AGGRESSIVE;
				CLANG_WARN_UNREACHABLE_CODE = YES;
				CLANG_WARN__DUPLICATE_METHOD_MATCH = YES;
				COPY_PHASE_STRIP = NO;
				DEBUG_INFORMATION_FORMAT = dwarf;
				ENABLE_STRICT_OBJC_MSGSEND = YES;
				ENABLE_TESTABILITY = YES;
				GCC_C_LANGUAGE_STANDARD = gnu11;
				GCC_DYNAMIC_NO_PIC = NO;
				GCC_NO_COMMON_BLOCKS = YES;
				GCC_OPTIMIZATION_LEVEL = 0;
				GCC_PREPROCESSOR_DEFINITIONS = (
					"DEBUG=1",
					"$(inherited)",
				);
				GCC_WARN_64_TO_32_BIT_CONVERSION = YES;
				GCC_WARN_ABOUT_RETURN_TYPE = YES_ERROR;
				GCC_WARN_UNDECLARED_SELECTOR = YES;
				GCC_WARN_UNINITIALIZED_AUTOS = YES_AGGRESSIVE;
				GCC_WARN_UNUSED_FUNCTION = YES;
				GCC_WARN_UNUSED_VARIABLE = YES;
				IPHONEOS_DEPLOYMENT_TARGET = 16.4;
				MTL_ENABLE_DEBUG_INFO = INCLUDE_SOURCE;
				MTL_FAST_MATH = YES;
				ONLY_ACTIVE_ARCH = YES;
				SDKROOT = iphoneos;
				SWIFT_ACTIVE_COMPILATION_CONDITIONS = DEBUG;
				SWIFT_OPTIMIZATION_LEVEL = "-Onone";
			};
			name = Debug;
		};
		B156C73429FAED46007151AB /* Release */ = {
			isa = XCBuildConfiguration;
			buildSettings = {
				ALWAYS_SEARCH_USER_PATHS = NO;
				CLANG_ANALYZER_NONNULL = YES;
				CLANG_ANALYZER_NUMBER_OBJECT_CONVERSION = YES_AGGRESSIVE;
				CLANG_CXX_LANGUAGE_STANDARD = "gnu++20";
				CLANG_ENABLE_MODULES = YES;
				CLANG_ENABLE_OBJC_ARC = YES;
				CLANG_ENABLE_OBJC_WEAK = YES;
				CLANG_WARN_BLOCK_CAPTURE_AUTORELEASING = YES;
				CLANG_WARN_BOOL_CONVERSION = YES;
				CLANG_WARN_COMMA = YES;
				CLANG_WARN_CONSTANT_CONVERSION = YES;
				CLANG_WARN_DEPRECATED_OBJC_IMPLEMENTATIONS = YES;
				CLANG_WARN_DIRECT_OBJC_ISA_USAGE = YES_ERROR;
				CLANG_WARN_DOCUMENTATION_COMMENTS = YES;
				CLANG_WARN_EMPTY_BODY = YES;
				CLANG_WARN_ENUM_CONVERSION = YES;
				CLANG_WARN_INFINITE_RECURSION = YES;
				CLANG_WARN_INT_CONVERSION = YES;
				CLANG_WARN_NON_LITERAL_NULL_CONVERSION = YES;
				CLANG_WARN_OBJC_IMPLICIT_RETAIN_SELF = YES;
				CLANG_WARN_OBJC_LITERAL_CONVERSION = YES;
				CLANG_WARN_OBJC_ROOT_CLASS = YES_ERROR;
				CLANG_WARN_QUOTED_INCLUDE_IN_FRAMEWORK_HEADER = YES;
				CLANG_WARN_RANGE_LOOP_ANALYSIS = YES;
				CLANG_WARN_STRICT_PROTOTYPES = YES;
				CLANG_WARN_SUSPICIOUS_MOVE = YES;
				CLANG_WARN_UNGUARDED_AVAILABILITY = YES_AGGRESSIVE;
				CLANG_WARN_UNREACHABLE_CODE = YES;
				CLANG_WARN__DUPLICATE_METHOD_MATCH = YES;
				COPY_PHASE_STRIP = NO;
				DEBUG_INFORMATION_FORMAT = "dwarf-with-dsym";
				ENABLE_NS_ASSERTIONS = NO;
				ENABLE_STRICT_OBJC_MSGSEND = YES;
				GCC_C_LANGUAGE_STANDARD = gnu11;
				GCC_NO_COMMON_BLOCKS = YES;
				GCC_WARN_64_TO_32_BIT_CONVERSION = YES;
				GCC_WARN_ABOUT_RETURN_TYPE = YES_ERROR;
				GCC_WARN_UNDECLARED_SELECTOR = YES;
				GCC_WARN_UNINITIALIZED_AUTOS = YES_AGGRESSIVE;
				GCC_WARN_UNUSED_FUNCTION = YES;
				GCC_WARN_UNUSED_VARIABLE = YES;
				IPHONEOS_DEPLOYMENT_TARGET = 16.4;
				MTL_ENABLE_DEBUG_INFO = NO;
				MTL_FAST_MATH = YES;
				SDKROOT = iphoneos;
				SWIFT_COMPILATION_MODE = wholemodule;
				SWIFT_OPTIMIZATION_LEVEL = "-O";
				VALIDATE_PRODUCT = YES;
			};
			name = Release;
		};
		B156C73629FAED46007151AB /* Debug */ = {
			isa = XCBuildConfiguration;
			buildSettings = {
				ASSETCATALOG_COMPILER_APPICON_NAME = AppIcon;
				ASSETCATALOG_COMPILER_GLOBAL_ACCENT_COLOR_NAME = AccentColor;
				CODE_SIGN_STYLE = Automatic;
				CURRENT_PROJECT_VERSION = 1;
				GENERATE_INFOPLIST_FILE = YES;
				INFOPLIST_FILE = Worlde/Info.plist;
				INFOPLIST_KEY_UIApplicationSupportsIndirectInputEvents = YES;
				INFOPLIST_KEY_UILaunchStoryboardName = LaunchScreen;
				INFOPLIST_KEY_UIMainStoryboardFile = Main;
				INFOPLIST_KEY_UISupportedInterfaceOrientations_iPad = "UIInterfaceOrientationPortrait UIInterfaceOrientationPortraitUpsideDown UIInterfaceOrientationLandscapeLeft UIInterfaceOrientationLandscapeRight";
				INFOPLIST_KEY_UISupportedInterfaceOrientations_iPhone = "UIInterfaceOrientationPortrait UIInterfaceOrientationLandscapeLeft UIInterfaceOrientationLandscapeRight";
				LD_RUNPATH_SEARCH_PATHS = (
					"$(inherited)",
					"@executable_path/Frameworks",
				);
				MARKETING_VERSION = 1.0;
				PRODUCT_BUNDLE_IDENTIFIER = "Jordan-Dorman.Worlde";
				PRODUCT_NAME = "$(TARGET_NAME)";
				SWIFT_EMIT_LOC_STRINGS = YES;
				SWIFT_VERSION = 5.0;
				TARGETED_DEVICE_FAMILY = "1,2";
			};
			name = Debug;
		};
		B156C73729FAED46007151AB /* Release */ = {
			isa = XCBuildConfiguration;
			buildSettings = {
				ASSETCATALOG_COMPILER_APPICON_NAME = AppIcon;
				ASSETCATALOG_COMPILER_GLOBAL_ACCENT_COLOR_NAME = AccentColor;
				CODE_SIGN_STYLE = Automatic;
				CURRENT_PROJECT_VERSION = 1;
				GENERATE_INFOPLIST_FILE = YES;
				INFOPLIST_FILE = Worlde/Info.plist;
				INFOPLIST_KEY_UIApplicationSupportsIndirectInputEvents = YES;
				INFOPLIST_KEY_UILaunchStoryboardName = LaunchScreen;
				INFOPLIST_KEY_UIMainStoryboardFile = Main;
				INFOPLIST_KEY_UISupportedInterfaceOrientations_iPad = "UIInterfaceOrientationPortrait UIInterfaceOrientationPortraitUpsideDown UIInterfaceOrientationLandscapeLeft UIInterfaceOrientationLandscapeRight";
				INFOPLIST_KEY_UISupportedInterfaceOrientations_iPhone = "UIInterfaceOrientationPortrait UIInterfaceOrientationLandscapeLeft UIInterfaceOrientationLandscapeRight";
				LD_RUNPATH_SEARCH_PATHS = (
					"$(inherited)",
					"@executable_path/Frameworks",
				);
				MARKETING_VERSION = 1.0;
				PRODUCT_BUNDLE_IDENTIFIER = "Jordan-Dorman.Worlde";
				PRODUCT_NAME = "$(TARGET_NAME)";
				SWIFT_EMIT_LOC_STRINGS = YES;
				SWIFT_VERSION = 5.0;
				TARGETED_DEVICE_FAMILY = "1,2";
			};
			name = Release;
		};
/* End XCBuildConfiguration section */

/* Begin XCConfigurationList section */
		B156C71C29FAED45007151AB /* Build configuration list for PBXProject "WordFind(FinalProject)" */ = {
			isa = XCConfigurationList;
			buildConfigurations = (
				B156C73329FAED46007151AB /* Debug */,
				B156C73429FAED46007151AB /* Release */,
			);
			defaultConfigurationIsVisible = 0;
			defaultConfigurationName = Release;
		};
		B156C73529FAED46007151AB /* Build configuration list for PBXNativeTarget "WordFind(FinalProject)" */ = {
			isa = XCConfigurationList;
			buildConfigurations = (
				B156C73629FAED46007151AB /* Debug */,
				B156C73729FAED46007151AB /* Release */,
			);
			defaultConfigurationIsVisible = 0;
			defaultConfigurationName = Release;
		};
/* End XCConfigurationList section */
	};
	rootObject = B156C71929FAED45007151AB /* Project object */;
}
